PODS:
  - CTAssetsPickerController (2.9.5)
  - DACircularProgress (2.3.1)
  - FMDB (2.5):
    - FMDB/standard (= 2.5)
  - FMDB/common (2.5)
  - FMDB/standard (2.5):
    - FMDB/common
  - JDStatusBarNotification (1.5.2)
  - MBProgressHUD (0.9.1)
  - MWPhotoBrowser (2.1.1):
    - DACircularProgress (~> 2.3)
    - MBProgressHUD (~> 0.9)
    - SDWebImage (!= 3.7.2, ~> 3.7)
  - REFrostedViewController (2.4.8)
  - RNGridMenu (0.1.3)
  - SDWebImage (3.7.3):
    - SDWebImage/Core (= 3.7.3)
  - SDWebImage/Core (3.7.3)
  - SVPullToRefresh (0.4.1)
  - Toast (2.4)
  - TTTAttributedLabel (1.13.4)
  - UMengAnalytics-NO-IDFA (3.5.17)

DEPENDENCIES:
  - CTAssetsPickerController (~> 2.9.0)
  - FMDB
  - JDStatusBarNotification
  - MBProgressHUD (~> 0.9.1)
  - MWPhotoBrowser
  - REFrostedViewController (~> 2.4.7)
  - RNGridMenu (~> 0.1.2)
  - SDWebImage (~> 3.6)
  - SVPullToRefresh (from `https://github.com/zfdang/SVPullToRefresh.git`)
  - Toast (~> 2.4)
  - TTTAttributedLabel
  - UMengAnalytics-NO-IDFA

EXTERNAL SOURCES:
  SVPullToRefresh:
    :git: https://github.com/zfdang/SVPullToRefresh.git

CHECKOUT OPTIONS:
  SVPullToRefresh:
    :commit: 8de39b02e7e41ee6d80ca43fc2e1c6b062a1400f
    :git: https://github.com/zfdang/SVPullToRefresh.git

SPEC CHECKSUMS:
  CTAssetsPickerController: b413fece2194ae3dbf22fbc544cf6f2a6d516a4d
  DACircularProgress: 4dd437c0fc3da5161cb289e07ac449493d41db71
  FMDB: 96e8f1bcc1329e269330f99770ad4285d9003e52
  JDStatusBarNotification: a36d09ccbb047217572b074a61e7ca10dddc5f0a
  MBProgressHUD: c47f2c166c126cf2ce36498d80f33e754d4e93ad
  MWPhotoBrowser: ba0d0c09ffda3a7ea10093518738c502c1c7141c
  REFrostedViewController: a893b4979ba1f200c547aef9ff4c3fd5a18f5923
  RNGridMenu: c58db81f87b5473936bb1b675dc3e947c409b51d
  SDWebImage: 1d2b1a1efda1ade1b00b6f8498865f8ddedc8a84
  SVPullToRefresh: ba2e718695a43253d8bea6852d2960097dc15d8c
  Toast: 0773b8fc0e97352ca6054517bec7ebdd4110029d
  TTTAttributedLabel: 0a2ac7b2dd726d32a070dafb01446026b11e624f
  UMengAnalytics-NO-IDFA: 601dab9ffe32f9de3fa0a6116768aed18a56f8a9

COCOAPODS: 0.39.0.beta.4
