// !$*UTF8*$!
{
	archiveVersion = 1;
	classes = {
	};
	objectVersion = 46;
	objects = {

/* Begin PBXBuildFile section */
		58A4F5D48E429C8662E18489 /* libPods-zSMTH.a in Frameworks */ = {isa = PBXBuildFile; fileRef = AA120C3EDD82A397C7762E47 /* libPods-zSMTH.a */; };
		690B922B1ABADDD800AAED0D /* UserInfoTableViewCell.xib in Resources */ = {isa = PBXBuildFile; fileRef = 690B92291ABADDD800AAED0D /* UserInfoTableViewCell.xib */; };
		690B922E1ABADEA300AAED0D /* UserInfoTableViewCell.m in Sources */ = {isa = PBXBuildFile; fileRef = 690B922D1ABADEA300AAED0D /* UserInfoTableViewCell.m */; };
		690B92321ABB92B100AAED0D /* UIImage+RoundedResize.m in Sources */ = {isa = PBXBuildFile; fileRef = 690B92311ABB92B100AAED0D /* UIImage+RoundedResize.m */; };
		690B92351ABB99ED00AAED0D /* PostListTableViewCell.xib in Resources */ = {isa = PBXBuildFile; fileRef = 690B92331ABB99ED00AAED0D /* PostListTableViewCell.xib */; };
		690D5D1E1AB838E200DB45C8 /* UserInfoViewController.m in Sources */ = {isa = PBXBuildFile; fileRef = 690D5D1D1AB838E200DB45C8 /* UserInfoViewController.m */; };
		6915D4A01AB2785C00B3FB53 /* Foundation.framework in Frameworks */ = {isa = PBXBuildFile; fileRef = 6915D49F1AB2785C00B3FB53 /* Foundation.framework */; };
		691B0AD61AB8882500010FC3 /* SMTHUser.m in Sources */ = {isa = PBXBuildFile; fileRef = 691B0AD51AB8882500010FC3 /* SMTHUser.m */; };
		692576671ABBDCF600097DBC /* PostListTableViewCell.m in Sources */ = {isa = PBXBuildFile; fileRef = 692576661ABBDCF600097DBC /* PostListTableViewCell.m */; };
		6925766A1ABBDDC800097DBC /* PostListTableViewController.m in Sources */ = {isa = PBXBuildFile; fileRef = 692576691ABBDDC800097DBC /* PostListTableViewController.m */; };
		693FACDD1ABE4F7900BD8200 /* PostContentTableViewCell.xib in Resources */ = {isa = PBXBuildFile; fileRef = 693FACDB1ABE4F7900BD8200 /* PostContentTableViewCell.xib */; };
		693FACE01ABE4FA700BD8200 /* PostContentTableViewCell.m in Sources */ = {isa = PBXBuildFile; fileRef = 693FACDF1ABE4FA700BD8200 /* PostContentTableViewCell.m */; };
		693FACE31ABE50D900BD8200 /* PostContentTableViewController.m in Sources */ = {isa = PBXBuildFile; fileRef = 693FACE21ABE50D900BD8200 /* PostContentTableViewController.m */; };
		695226961AB2D4140060E5B3 /* ExtendedUIViewController.m in Sources */ = {isa = PBXBuildFile; fileRef = 695226951AB2D4140060E5B3 /* ExtendedUIViewController.m */; };
		6984F6EB1AB3D37900548BD2 /* ZSMTHSetting.m in Sources */ = {isa = PBXBuildFile; fileRef = 6984F6EA1AB3D37900548BD2 /* ZSMTHSetting.m */; };
		6984F6EF1AB3D3F700548BD2 /* LeftMenuViewController.m in Sources */ = {isa = PBXBuildFile; fileRef = 6984F6EE1AB3D3F700548BD2 /* LeftMenuViewController.m */; };
		6984F6F21AB3DC1D00548BD2 /* NavigationViewController.m in Sources */ = {isa = PBXBuildFile; fileRef = 6984F6F11AB3DC1D00548BD2 /* NavigationViewController.m */; };
		6984F6F51AB48FA400548BD2 /* FavoriteTableViewController.m in Sources */ = {isa = PBXBuildFile; fileRef = 6984F6F41AB48FA400548BD2 /* FavoriteTableViewController.m */; };
		6984F6F81AB4927600548BD2 /* ExtendedTableViewController.m in Sources */ = {isa = PBXBuildFile; fileRef = 6984F6F71AB4927600548BD2 /* ExtendedTableViewController.m */; };
		6984F6FB1AB579E900548BD2 /* SMTHBoard.m in Sources */ = {isa = PBXBuildFile; fileRef = 6984F6FA1AB579E900548BD2 /* SMTHBoard.m */; };
		6984F6FE1AB5D53800548BD2 /* BoardTableViewCell.xib in Resources */ = {isa = PBXBuildFile; fileRef = 6984F6FC1AB5D53800548BD2 /* BoardTableViewCell.xib */; };
		69C393001AC62BFB000F2652 /* SMTHAttachment.m in Sources */ = {isa = PBXBuildFile; fileRef = 69C392FF1AC62BFB000F2652 /* SMTHAttachment.m */; };
		69F4EAA31AAFF9FF00A82B50 /* libSMTH_0.2.3.a in Frameworks */ = {isa = PBXBuildFile; fileRef = 69F4EAA01AAFF9FF00A82B50 /* libSMTH_0.2.3.a */; settings = {ATTRIBUTES = (Required, ); }; };
		69F4EAA61AAFFA5100A82B50 /* client_signature.m in Sources */ = {isa = PBXBuildFile; fileRef = 69F4EAA51AAFFA5100A82B50 /* client_signature.m */; };
		69F4EAA91AB06D1D00A82B50 /* LoginViewController.m in Sources */ = {isa = PBXBuildFile; fileRef = 69F4EAA81AB06D1D00A82B50 /* LoginViewController.m */; };
		69F4EAAD1AB1780A00A82B50 /* Reachability.m in Sources */ = {isa = PBXBuildFile; fileRef = 69F4EAAC1AB1780A00A82B50 /* Reachability.m */; };
		69F4EAB01AB1792000A82B50 /* SMTHHelper.m in Sources */ = {isa = PBXBuildFile; fileRef = 69F4EAAF1AB1792000A82B50 /* SMTHHelper.m */; };
		69F4EAB51AB1C13C00A82B50 /* SMTHHelperTests.m in Sources */ = {isa = PBXBuildFile; fileRef = 69F4EAB41AB1C13C00A82B50 /* SMTHHelperTests.m */; };
		69F4EAB71AB1EFE800A82B50 /* SystemConfiguration.framework in Frameworks */ = {isa = PBXBuildFile; fileRef = 69F4EAB61AB1EFE800A82B50 /* SystemConfiguration.framework */; };
		69F5E3C31AC0DFE4000F394D /* ContentLabel.m in Sources */ = {isa = PBXBuildFile; fileRef = 69F5E3C21AC0DFE4000F394D /* ContentLabel.m */; };
		69FCBF2E1AA9CE97007C9EFB /* main.m in Sources */ = {isa = PBXBuildFile; fileRef = 69FCBF2D1AA9CE97007C9EFB /* main.m */; };
		69FCBF311AA9CE97007C9EFB /* AppDelegate.m in Sources */ = {isa = PBXBuildFile; fileRef = 69FCBF301AA9CE97007C9EFB /* AppDelegate.m */; };
		69FCBF341AA9CE97007C9EFB /* REFrostedRootViewController.m in Sources */ = {isa = PBXBuildFile; fileRef = 69FCBF331AA9CE97007C9EFB /* REFrostedRootViewController.m */; };
		69FCBF371AA9CE97007C9EFB /* Main.storyboard in Resources */ = {isa = PBXBuildFile; fileRef = 69FCBF351AA9CE97007C9EFB /* Main.storyboard */; };
		69FCBF391AA9CE98007C9EFB /* Images.xcassets in Resources */ = {isa = PBXBuildFile; fileRef = 69FCBF381AA9CE98007C9EFB /* Images.xcassets */; };
		69FCBF3C1AA9CE98007C9EFB /* LaunchScreen.xib in Resources */ = {isa = PBXBuildFile; fileRef = 69FCBF3A1AA9CE98007C9EFB /* LaunchScreen.xib */; };
		69FCBF481AA9CE98007C9EFB /* zSMTHTests.m in Sources */ = {isa = PBXBuildFile; fileRef = 69FCBF471AA9CE98007C9EFB /* zSMTHTests.m */; };
		69FE90AA1AB66EC400E72720 /* BoardTableViewCell.m in Sources */ = {isa = PBXBuildFile; fileRef = 69FE90A91AB66EC400E72720 /* BoardTableViewCell.m */; };
		69FE90B61AB6FCD700E72720 /* GuidanceTableViewController.m in Sources */ = {isa = PBXBuildFile; fileRef = 69FE90B51AB6FCD700E72720 /* GuidanceTableViewController.m */; };
		69FE90B91AB71A7700E72720 /* SMTHPost.m in Sources */ = {isa = PBXBuildFile; fileRef = 69FE90B81AB71A7700E72720 /* SMTHPost.m */; };
		69FE90BC1AB727B700E72720 /* PostGuidanceTableViewCell.xib in Resources */ = {isa = PBXBuildFile; fileRef = 69FE90BA1AB727B700E72720 /* PostGuidanceTableViewCell.xib */; };
		69FE90BF1AB7296200E72720 /* PostGuidanceTableViewCell.m in Sources */ = {isa = PBXBuildFile; fileRef = 69FE90BE1AB7296200E72720 /* PostGuidanceTableViewCell.m */; };
/* End PBXBuildFile section */

/* Begin PBXContainerItemProxy section */
		69FCBF421AA9CE98007C9EFB /* PBXContainerItemProxy */ = {
			isa = PBXContainerItemProxy;
			containerPortal = 69FCBF201AA9CE97007C9EFB /* Project object */;
			proxyType = 1;
			remoteGlobalIDString = 69FCBF271AA9CE97007C9EFB;
			remoteInfo = zSMTH;
		};
/* End PBXContainerItemProxy section */

/* Begin PBXFileReference section */
		13FB643B10FFC65DDD7CF5C4 /* Pods-zSMTH.debug.xcconfig */ = {isa = PBXFileReference; includeInIndex = 1; lastKnownFileType = text.xcconfig; name = "Pods-zSMTH.debug.xcconfig"; path = "Pods/Target Support Files/Pods-zSMTH/Pods-zSMTH.debug.xcconfig"; sourceTree = "<group>"; };
		48F951DFD4F05230EF38D92E /* Pods-zSMTH.release.xcconfig */ = {isa = PBXFileReference; includeInIndex = 1; lastKnownFileType = text.xcconfig; name = "Pods-zSMTH.release.xcconfig"; path = "Pods/Target Support Files/Pods-zSMTH/Pods-zSMTH.release.xcconfig"; sourceTree = "<group>"; };
		690196501ACBED6200D0819C /* RefreshTableViewProtocol.h */ = {isa = PBXFileReference; lastKnownFileType = sourcecode.c.h; name = RefreshTableViewProtocol.h; path = ViewController/RefreshTableViewProtocol.h; sourceTree = "<group>"; };
		690B922A1ABADDD800AAED0D /* Base */ = {isa = PBXFileReference; lastKnownFileType = file.xib; name = Base; path = Base.lproj/UserInfoTableViewCell.xib; sourceTree = "<group>"; };
		690B922C1ABADEA300AAED0D /* UserInfoTableViewCell.h */ = {isa = PBXFileReference; fileEncoding = 4; lastKnownFileType = sourcecode.c.h; name = UserInfoTableViewCell.h; path = ViewController/UserInfoTableViewCell.h; sourceTree = "<group>"; };
		690B922D1ABADEA300AAED0D /* UserInfoTableViewCell.m */ = {isa = PBXFileReference; fileEncoding = 4; lastKnownFileType = sourcecode.c.objc; name = UserInfoTableViewCell.m; path = ViewController/UserInfoTableViewCell.m; sourceTree = "<group>"; };
		690B922F1ABB266D00AAED0D /* LoginCompletionProtocol.h */ = {isa = PBXFileReference; lastKnownFileType = sourcecode.c.h; name = LoginCompletionProtocol.h; path = ViewController/LoginCompletionProtocol.h; sourceTree = "<group>"; };
		690B92301ABB92B100AAED0D /* UIImage+RoundedResize.h */ = {isa = PBXFileReference; fileEncoding = 4; lastKnownFileType = sourcecode.c.h; path = "UIImage+RoundedResize.h"; sourceTree = "<group>"; };
		690B92311ABB92B100AAED0D /* UIImage+RoundedResize.m */ = {isa = PBXFileReference; fileEncoding = 4; lastKnownFileType = sourcecode.c.objc; path = "UIImage+RoundedResize.m"; sourceTree = "<group>"; };
		690B92341ABB99ED00AAED0D /* Base */ = {isa = PBXFileReference; lastKnownFileType = file.xib; name = Base; path = Base.lproj/PostListTableViewCell.xib; sourceTree = "<group>"; };
		690D5D1C1AB838E200DB45C8 /* UserInfoViewController.h */ = {isa = PBXFileReference; fileEncoding = 4; lastKnownFileType = sourcecode.c.h; name = UserInfoViewController.h; path = ViewController/UserInfoViewController.h; sourceTree = "<group>"; };
		690D5D1D1AB838E200DB45C8 /* UserInfoViewController.m */ = {isa = PBXFileReference; fileEncoding = 4; lastKnownFileType = sourcecode.c.objc; name = UserInfoViewController.m; path = ViewController/UserInfoViewController.m; sourceTree = "<group>"; };
		6915D49F1AB2785C00B3FB53 /* Foundation.framework */ = {isa = PBXFileReference; lastKnownFileType = wrapper.framework; name = Foundation.framework; path = System/Library/Frameworks/Foundation.framework; sourceTree = SDKROOT; };
		691B0AD41AB8882500010FC3 /* SMTHUser.h */ = {isa = PBXFileReference; fileEncoding = 4; lastKnownFileType = sourcecode.c.h; path = SMTHUser.h; sourceTree = "<group>"; };
		691B0AD51AB8882500010FC3 /* SMTHUser.m */ = {isa = PBXFileReference; fileEncoding = 4; lastKnownFileType = sourcecode.c.objc; path = SMTHUser.m; sourceTree = "<group>"; };
		692576651ABBDCF600097DBC /* PostListTableViewCell.h */ = {isa = PBXFileReference; fileEncoding = 4; lastKnownFileType = sourcecode.c.h; name = PostListTableViewCell.h; path = ViewController/PostListTableViewCell.h; sourceTree = "<group>"; };
		692576661ABBDCF600097DBC /* PostListTableViewCell.m */ = {isa = PBXFileReference; fileEncoding = 4; lastKnownFileType = sourcecode.c.objc; name = PostListTableViewCell.m; path = ViewController/PostListTableViewCell.m; sourceTree = "<group>"; };
		692576681ABBDDC800097DBC /* PostListTableViewController.h */ = {isa = PBXFileReference; fileEncoding = 4; lastKnownFileType = sourcecode.c.h; name = PostListTableViewController.h; path = ViewController/PostListTableViewController.h; sourceTree = "<group>"; };
		692576691ABBDDC800097DBC /* PostListTableViewController.m */ = {isa = PBXFileReference; fileEncoding = 4; lastKnownFileType = sourcecode.c.objc; name = PostListTableViewController.m; path = ViewController/PostListTableViewController.m; sourceTree = "<group>"; };
		693FACDC1ABE4F7900BD8200 /* Base */ = {isa = PBXFileReference; lastKnownFileType = file.xib; name = Base; path = Base.lproj/PostContentTableViewCell.xib; sourceTree = "<group>"; };
		693FACDE1ABE4FA700BD8200 /* PostContentTableViewCell.h */ = {isa = PBXFileReference; fileEncoding = 4; lastKnownFileType = sourcecode.c.h; name = PostContentTableViewCell.h; path = ViewController/PostContentTableViewCell.h; sourceTree = "<group>"; };
		693FACDF1ABE4FA700BD8200 /* PostContentTableViewCell.m */ = {isa = PBXFileReference; fileEncoding = 4; lastKnownFileType = sourcecode.c.objc; name = PostContentTableViewCell.m; path = ViewController/PostContentTableViewCell.m; sourceTree = "<group>"; };
		693FACE11ABE50D900BD8200 /* PostContentTableViewController.h */ = {isa = PBXFileReference; fileEncoding = 4; lastKnownFileType = sourcecode.c.h; name = PostContentTableViewController.h; path = ViewController/PostContentTableViewController.h; sourceTree = "<group>"; };
		693FACE21ABE50D900BD8200 /* PostContentTableViewController.m */ = {isa = PBXFileReference; fileEncoding = 4; lastKnownFileType = sourcecode.c.objc; name = PostContentTableViewController.m; path = ViewController/PostContentTableViewController.m; sourceTree = "<group>"; };
		695226941AB2D4140060E5B3 /* ExtendedUIViewController.h */ = {isa = PBXFileReference; fileEncoding = 4; lastKnownFileType = sourcecode.c.h; path = ExtendedUIViewController.h; sourceTree = "<group>"; };
		695226951AB2D4140060E5B3 /* ExtendedUIViewController.m */ = {isa = PBXFileReference; fileEncoding = 4; lastKnownFileType = sourcecode.c.objc; path = ExtendedUIViewController.m; sourceTree = "<group>"; };
		6979903F1ACCC5DC002570EE /* zSMTH-prefix.pch */ = {isa = PBXFileReference; lastKnownFileType = sourcecode.c.h; path = "zSMTH-prefix.pch"; sourceTree = "<group>"; };
		6984F6E91AB3D37900548BD2 /* ZSMTHSetting.h */ = {isa = PBXFileReference; fileEncoding = 4; lastKnownFileType = sourcecode.c.h; path = ZSMTHSetting.h; sourceTree = "<group>"; };
		6984F6EA1AB3D37900548BD2 /* ZSMTHSetting.m */ = {isa = PBXFileReference; fileEncoding = 4; lastKnownFileType = sourcecode.c.objc; path = ZSMTHSetting.m; sourceTree = "<group>"; };
		6984F6ED1AB3D3F700548BD2 /* LeftMenuViewController.h */ = {isa = PBXFileReference; fileEncoding = 4; lastKnownFileType = sourcecode.c.h; name = LeftMenuViewController.h; path = ViewController/LeftMenuViewController.h; sourceTree = "<group>"; };
		6984F6EE1AB3D3F700548BD2 /* LeftMenuViewController.m */ = {isa = PBXFileReference; fileEncoding = 4; lastKnownFileType = sourcecode.c.objc; name = LeftMenuViewController.m; path = ViewController/LeftMenuViewController.m; sourceTree = "<group>"; };
		6984F6F01AB3DC1D00548BD2 /* NavigationViewController.h */ = {isa = PBXFileReference; fileEncoding = 4; lastKnownFileType = sourcecode.c.h; path = NavigationViewController.h; sourceTree = "<group>"; };
		6984F6F11AB3DC1D00548BD2 /* NavigationViewController.m */ = {isa = PBXFileReference; fileEncoding = 4; lastKnownFileType = sourcecode.c.objc; path = NavigationViewController.m; sourceTree = "<group>"; };
		6984F6F31AB48FA400548BD2 /* FavoriteTableViewController.h */ = {isa = PBXFileReference; fileEncoding = 4; lastKnownFileType = sourcecode.c.h; name = FavoriteTableViewController.h; path = ViewController/FavoriteTableViewController.h; sourceTree = "<group>"; };
		6984F6F41AB48FA400548BD2 /* FavoriteTableViewController.m */ = {isa = PBXFileReference; fileEncoding = 4; lastKnownFileType = sourcecode.c.objc; name = FavoriteTableViewController.m; path = ViewController/FavoriteTableViewController.m; sourceTree = "<group>"; };
		6984F6F61AB4927600548BD2 /* ExtendedTableViewController.h */ = {isa = PBXFileReference; fileEncoding = 4; lastKnownFileType = sourcecode.c.h; path = ExtendedTableViewController.h; sourceTree = "<group>"; };
		6984F6F71AB4927600548BD2 /* ExtendedTableViewController.m */ = {isa = PBXFileReference; fileEncoding = 4; lastKnownFileType = sourcecode.c.objc; path = ExtendedTableViewController.m; sourceTree = "<group>"; };
		6984F6F91AB579E900548BD2 /* SMTHBoard.h */ = {isa = PBXFileReference; fileEncoding = 4; lastKnownFileType = sourcecode.c.h; path = SMTHBoard.h; sourceTree = "<group>"; };
		6984F6FA1AB579E900548BD2 /* SMTHBoard.m */ = {isa = PBXFileReference; fileEncoding = 4; lastKnownFileType = sourcecode.c.objc; path = SMTHBoard.m; sourceTree = "<group>"; };
		6984F6FD1AB5D53800548BD2 /* Base */ = {isa = PBXFileReference; lastKnownFileType = file.xib; name = Base; path = zSMTH/Base.lproj/BoardTableViewCell.xib; sourceTree = SOURCE_ROOT; };
		69C392FE1AC62BFB000F2652 /* SMTHAttachment.h */ = {isa = PBXFileReference; fileEncoding = 4; lastKnownFileType = sourcecode.c.h; path = SMTHAttachment.h; sourceTree = "<group>"; };
		69C392FF1AC62BFB000F2652 /* SMTHAttachment.m */ = {isa = PBXFileReference; fileEncoding = 4; lastKnownFileType = sourcecode.c.objc; path = SMTHAttachment.m; sourceTree = "<group>"; };
		69F4EAA01AAFF9FF00A82B50 /* libSMTH_0.2.3.a */ = {isa = PBXFileReference; lastKnownFileType = archive.ar; path = libSMTH_0.2.3.a; sourceTree = "<group>"; };
		69F4EAA11AAFF9FF00A82B50 /* smth_netop.h */ = {isa = PBXFileReference; fileEncoding = 4; lastKnownFileType = sourcecode.c.h; path = smth_netop.h; sourceTree = "<group>"; };
		69F4EAA21AAFF9FF00A82B50 /* SMTHURLConnection.h */ = {isa = PBXFileReference; fileEncoding = 4; lastKnownFileType = sourcecode.c.h; path = SMTHURLConnection.h; sourceTree = "<group>"; };
		69F4EAA41AAFFA5100A82B50 /* client_signature.h */ = {isa = PBXFileReference; fileEncoding = 4; lastKnownFileType = sourcecode.c.h; path = client_signature.h; sourceTree = "<group>"; };
		69F4EAA51AAFFA5100A82B50 /* client_signature.m */ = {isa = PBXFileReference; fileEncoding = 4; lastKnownFileType = sourcecode.c.objc; path = client_signature.m; sourceTree = "<group>"; };
		69F4EAA71AB06D1D00A82B50 /* LoginViewController.h */ = {isa = PBXFileReference; fileEncoding = 4; lastKnownFileType = sourcecode.c.h; name = LoginViewController.h; path = ViewController/LoginViewController.h; sourceTree = "<group>"; };
		69F4EAA81AB06D1D00A82B50 /* LoginViewController.m */ = {isa = PBXFileReference; fileEncoding = 4; lastKnownFileType = sourcecode.c.objc; name = LoginViewController.m; path = ViewController/LoginViewController.m; sourceTree = "<group>"; };
		69F4EAAB1AB1780A00A82B50 /* Reachability.h */ = {isa = PBXFileReference; fileEncoding = 4; lastKnownFileType = sourcecode.c.h; path = Reachability.h; sourceTree = "<group>"; };
		69F4EAAC1AB1780A00A82B50 /* Reachability.m */ = {isa = PBXFileReference; fileEncoding = 4; lastKnownFileType = sourcecode.c.objc; path = Reachability.m; sourceTree = "<group>"; };
		69F4EAAE1AB1792000A82B50 /* SMTHHelper.h */ = {isa = PBXFileReference; fileEncoding = 4; lastKnownFileType = sourcecode.c.h; name = SMTHHelper.h; path = zSMTH/libSMTH/SMTHHelper.h; sourceTree = SOURCE_ROOT; };
		69F4EAAF1AB1792000A82B50 /* SMTHHelper.m */ = {isa = PBXFileReference; fileEncoding = 4; lastKnownFileType = sourcecode.c.objc; name = SMTHHelper.m; path = zSMTH/libSMTH/SMTHHelper.m; sourceTree = SOURCE_ROOT; };
		69F4EAB41AB1C13C00A82B50 /* SMTHHelperTests.m */ = {isa = PBXFileReference; fileEncoding = 4; lastKnownFileType = sourcecode.c.objc; path = SMTHHelperTests.m; sourceTree = "<group>"; };
		69F4EAB61AB1EFE800A82B50 /* SystemConfiguration.framework */ = {isa = PBXFileReference; lastKnownFileType = wrapper.framework; name = SystemConfiguration.framework; path = System/Library/Frameworks/SystemConfiguration.framework; sourceTree = SDKROOT; };
		69F5E3C11AC0DFE4000F394D /* ContentLabel.h */ = {isa = PBXFileReference; fileEncoding = 4; lastKnownFileType = sourcecode.c.h; name = ContentLabel.h; path = ViewController/ContentLabel.h; sourceTree = "<group>"; };
		69F5E3C21AC0DFE4000F394D /* ContentLabel.m */ = {isa = PBXFileReference; fileEncoding = 4; lastKnownFileType = sourcecode.c.objc; name = ContentLabel.m; path = ViewController/ContentLabel.m; sourceTree = "<group>"; };
		69FCBF281AA9CE97007C9EFB /* zSMTH.app */ = {isa = PBXFileReference; explicitFileType = wrapper.application; includeInIndex = 0; path = zSMTH.app; sourceTree = BUILT_PRODUCTS_DIR; };
		69FCBF2C1AA9CE97007C9EFB /* Info.plist */ = {isa = PBXFileReference; lastKnownFileType = text.plist.xml; path = Info.plist; sourceTree = "<group>"; };
		69FCBF2D1AA9CE97007C9EFB /* main.m */ = {isa = PBXFileReference; lastKnownFileType = sourcecode.c.objc; path = main.m; sourceTree = "<group>"; };
		69FCBF2F1AA9CE97007C9EFB /* AppDelegate.h */ = {isa = PBXFileReference; lastKnownFileType = sourcecode.c.h; path = AppDelegate.h; sourceTree = "<group>"; };
		69FCBF301AA9CE97007C9EFB /* AppDelegate.m */ = {isa = PBXFileReference; lastKnownFileType = sourcecode.c.objc; path = AppDelegate.m; sourceTree = "<group>"; };
		69FCBF321AA9CE97007C9EFB /* REFrostedRootViewController.h */ = {isa = PBXFileReference; lastKnownFileType = sourcecode.c.h; path = REFrostedRootViewController.h; sourceTree = "<group>"; };
		69FCBF331AA9CE97007C9EFB /* REFrostedRootViewController.m */ = {isa = PBXFileReference; lastKnownFileType = sourcecode.c.objc; path = REFrostedRootViewController.m; sourceTree = "<group>"; };
		69FCBF361AA9CE97007C9EFB /* Base */ = {isa = PBXFileReference; lastKnownFileType = file.storyboard; name = Base; path = Base.lproj/Main.storyboard; sourceTree = "<group>"; };
		69FCBF381AA9CE98007C9EFB /* Images.xcassets */ = {isa = PBXFileReference; lastKnownFileType = folder.assetcatalog; path = Images.xcassets; sourceTree = "<group>"; };
		69FCBF3B1AA9CE98007C9EFB /* Base */ = {isa = PBXFileReference; lastKnownFileType = file.xib; name = Base; path = Base.lproj/LaunchScreen.xib; sourceTree = "<group>"; };
		69FCBF411AA9CE98007C9EFB /* zSMTHTests.xctest */ = {isa = PBXFileReference; explicitFileType = wrapper.cfbundle; includeInIndex = 0; path = zSMTHTests.xctest; sourceTree = BUILT_PRODUCTS_DIR; };
		69FCBF461AA9CE98007C9EFB /* Info.plist */ = {isa = PBXFileReference; lastKnownFileType = text.plist.xml; path = Info.plist; sourceTree = "<group>"; };
		69FCBF471AA9CE98007C9EFB /* zSMTHTests.m */ = {isa = PBXFileReference; lastKnownFileType = sourcecode.c.objc; path = zSMTHTests.m; sourceTree = "<group>"; };
		69FE90A81AB66EC400E72720 /* BoardTableViewCell.h */ = {isa = PBXFileReference; fileEncoding = 4; lastKnownFileType = sourcecode.c.h; name = BoardTableViewCell.h; path = ViewController/BoardTableViewCell.h; sourceTree = "<group>"; };
		69FE90A91AB66EC400E72720 /* BoardTableViewCell.m */ = {isa = PBXFileReference; fileEncoding = 4; lastKnownFileType = sourcecode.c.objc; name = BoardTableViewCell.m; path = ViewController/BoardTableViewCell.m; sourceTree = "<group>"; };
		69FE90B41AB6FCD700E72720 /* GuidanceTableViewController.h */ = {isa = PBXFileReference; fileEncoding = 4; lastKnownFileType = sourcecode.c.h; name = GuidanceTableViewController.h; path = ViewController/GuidanceTableViewController.h; sourceTree = "<group>"; };
		69FE90B51AB6FCD700E72720 /* GuidanceTableViewController.m */ = {isa = PBXFileReference; fileEncoding = 4; lastKnownFileType = sourcecode.c.objc; name = GuidanceTableViewController.m; path = ViewController/GuidanceTableViewController.m; sourceTree = "<group>"; };
		69FE90B71AB71A7700E72720 /* SMTHPost.h */ = {isa = PBXFileReference; fileEncoding = 4; lastKnownFileType = sourcecode.c.h; path = SMTHPost.h; sourceTree = "<group>"; };
		69FE90B81AB71A7700E72720 /* SMTHPost.m */ = {isa = PBXFileReference; fileEncoding = 4; lastKnownFileType = sourcecode.c.objc; path = SMTHPost.m; sourceTree = "<group>"; };
		69FE90BB1AB727B700E72720 /* Base */ = {isa = PBXFileReference; lastKnownFileType = file.xib; name = Base; path = Base.lproj/PostGuidanceTableViewCell.xib; sourceTree = "<group>"; };
		69FE90BD1AB7296200E72720 /* PostGuidanceTableViewCell.h */ = {isa = PBXFileReference; fileEncoding = 4; lastKnownFileType = sourcecode.c.h; name = PostGuidanceTableViewCell.h; path = ViewController/PostGuidanceTableViewCell.h; sourceTree = "<group>"; };
		69FE90BE1AB7296200E72720 /* PostGuidanceTableViewCell.m */ = {isa = PBXFileReference; fileEncoding = 4; lastKnownFileType = sourcecode.c.objc; name = PostGuidanceTableViewCell.m; path = ViewController/PostGuidanceTableViewCell.m; sourceTree = "<group>"; };
		AA120C3EDD82A397C7762E47 /* libPods-zSMTH.a */ = {isa = PBXFileReference; explicitFileType = archive.ar; includeInIndex = 0; path = "libPods-zSMTH.a"; sourceTree = BUILT_PRODUCTS_DIR; };
/* End PBXFileReference section */

/* Begin PBXFrameworksBuildPhase section */
		69FCBF251AA9CE97007C9EFB /* Frameworks */ = {
			isa = PBXFrameworksBuildPhase;
			buildActionMask = 2147483647;
			files = (
				6915D4A01AB2785C00B3FB53 /* Foundation.framework in Frameworks */,
				69F4EAB71AB1EFE800A82B50 /* SystemConfiguration.framework in Frameworks */,
				69F4EAA31AAFF9FF00A82B50 /* libSMTH_0.2.3.a in Frameworks */,
				58A4F5D48E429C8662E18489 /* libPods-zSMTH.a in Frameworks */,
			);
			runOnlyForDeploymentPostprocessing = 0;
		};
		69FCBF3E1AA9CE98007C9EFB /* Frameworks */ = {
			isa = PBXFrameworksBuildPhase;
			buildActionMask = 2147483647;
			files = (
			);
			runOnlyForDeploymentPostprocessing = 0;
		};
/* End PBXFrameworksBuildPhase section */

/* Begin PBXGroup section */
		1710DEAB67675146326055AE /* Frameworks */ = {
			isa = PBXGroup;
			children = (
				69F4EAB61AB1EFE800A82B50 /* SystemConfiguration.framework */,
				6915D49F1AB2785C00B3FB53 /* Foundation.framework */,
				AA120C3EDD82A397C7762E47 /* libPods-zSMTH.a */,
			);
			name = Frameworks;
			sourceTree = "<group>";
		};
		6984F6E51AB3D28300548BD2 /* Resources */ = {
			isa = PBXGroup;
			children = (
				6984F6FC1AB5D53800548BD2 /* BoardTableViewCell.xib */,
				690B92331ABB99ED00AAED0D /* PostListTableViewCell.xib */,
				693FACDB1ABE4F7900BD8200 /* PostContentTableViewCell.xib */,
				69FE90BA1AB727B700E72720 /* PostGuidanceTableViewCell.xib */,
				690B92291ABADDD800AAED0D /* UserInfoTableViewCell.xib */,
				69FCBF381AA9CE98007C9EFB /* Images.xcassets */,
				69FCBF351AA9CE97007C9EFB /* Main.storyboard */,
				69FCBF3A1AA9CE98007C9EFB /* LaunchScreen.xib */,
			);
			name = Resources;
			sourceTree = "<group>";
		};
		6984F6EC1AB3D3B300548BD2 /* ViewController */ = {
			isa = PBXGroup;
			children = (
				690B922F1ABB266D00AAED0D /* LoginCompletionProtocol.h */,
				690196501ACBED6200D0819C /* RefreshTableViewProtocol.h */,
				69FE90B41AB6FCD700E72720 /* GuidanceTableViewController.h */,
				69FE90B51AB6FCD700E72720 /* GuidanceTableViewController.m */,
				69FE90BD1AB7296200E72720 /* PostGuidanceTableViewCell.h */,
				69FE90BE1AB7296200E72720 /* PostGuidanceTableViewCell.m */,
				6984F6F31AB48FA400548BD2 /* FavoriteTableViewController.h */,
				6984F6F41AB48FA400548BD2 /* FavoriteTableViewController.m */,
				69FE90A81AB66EC400E72720 /* BoardTableViewCell.h */,
				69FE90A91AB66EC400E72720 /* BoardTableViewCell.m */,
				69F4EAA71AB06D1D00A82B50 /* LoginViewController.h */,
				69F4EAA81AB06D1D00A82B50 /* LoginViewController.m */,
				690D5D1C1AB838E200DB45C8 /* UserInfoViewController.h */,
				690D5D1D1AB838E200DB45C8 /* UserInfoViewController.m */,
				690B922C1ABADEA300AAED0D /* UserInfoTableViewCell.h */,
				690B922D1ABADEA300AAED0D /* UserInfoTableViewCell.m */,
				69F5E3C11AC0DFE4000F394D /* ContentLabel.h */,
				69F5E3C21AC0DFE4000F394D /* ContentLabel.m */,
				693FACE11ABE50D900BD8200 /* PostContentTableViewController.h */,
				693FACE21ABE50D900BD8200 /* PostContentTableViewController.m */,
				693FACDE1ABE4FA700BD8200 /* PostContentTableViewCell.h */,
				693FACDF1ABE4FA700BD8200 /* PostContentTableViewCell.m */,
				692576681ABBDDC800097DBC /* PostListTableViewController.h */,
				692576691ABBDDC800097DBC /* PostListTableViewController.m */,
				692576651ABBDCF600097DBC /* PostListTableViewCell.h */,
				692576661ABBDCF600097DBC /* PostListTableViewCell.m */,
			);
			name = ViewController;
			sourceTree = "<group>";
		};
		69F4EA9F1AAFF9FF00A82B50 /* libSMTH */ = {
			isa = PBXGroup;
			children = (
				69F4EAA01AAFF9FF00A82B50 /* libSMTH_0.2.3.a */,
				69F4EAA11AAFF9FF00A82B50 /* smth_netop.h */,
				69F4EAA41AAFFA5100A82B50 /* client_signature.h */,
				69F4EAA51AAFFA5100A82B50 /* client_signature.m */,
				69F4EAAE1AB1792000A82B50 /* SMTHHelper.h */,
				69F4EAAF1AB1792000A82B50 /* SMTHHelper.m */,
				691B0AD41AB8882500010FC3 /* SMTHUser.h */,
				691B0AD51AB8882500010FC3 /* SMTHUser.m */,
				69F4EAA21AAFF9FF00A82B50 /* SMTHURLConnection.h */,
				6984F6F91AB579E900548BD2 /* SMTHBoard.h */,
				6984F6FA1AB579E900548BD2 /* SMTHBoard.m */,
				69FE90B71AB71A7700E72720 /* SMTHPost.h */,
				69FE90B81AB71A7700E72720 /* SMTHPost.m */,
				69C392FE1AC62BFB000F2652 /* SMTHAttachment.h */,
				69C392FF1AC62BFB000F2652 /* SMTHAttachment.m */,
			);
			path = libSMTH;
			sourceTree = "<group>";
		};
		69F4EAAA1AB1780A00A82B50 /* Utilities */ = {
			isa = PBXGroup;
			children = (
				690B92301ABB92B100AAED0D /* UIImage+RoundedResize.h */,
				690B92311ABB92B100AAED0D /* UIImage+RoundedResize.m */,
				69F4EAAB1AB1780A00A82B50 /* Reachability.h */,
				69F4EAAC1AB1780A00A82B50 /* Reachability.m */,
				6984F6E91AB3D37900548BD2 /* ZSMTHSetting.h */,
				6984F6EA1AB3D37900548BD2 /* ZSMTHSetting.m */,
			);
			path = Utilities;
			sourceTree = "<group>";
		};
		69FCBF1F1AA9CE97007C9EFB = {
			isa = PBXGroup;
			children = (
				69FCBF2A1AA9CE97007C9EFB /* zSMTH */,
				69FCBF441AA9CE98007C9EFB /* zSMTHTests */,
				69FCBF291AA9CE97007C9EFB /* Products */,
				DAE8DD4DE3A207A49E1ADB7E /* Pods */,
				1710DEAB67675146326055AE /* Frameworks */,
			);
			sourceTree = "<group>";
		};
		69FCBF291AA9CE97007C9EFB /* Products */ = {
			isa = PBXGroup;
			children = (
				69FCBF281AA9CE97007C9EFB /* zSMTH.app */,
				69FCBF411AA9CE98007C9EFB /* zSMTHTests.xctest */,
			);
			name = Products;
			sourceTree = "<group>";
		};
		69FCBF2A1AA9CE97007C9EFB /* zSMTH */ = {
			isa = PBXGroup;
			children = (
				69F4EAAA1AB1780A00A82B50 /* Utilities */,
				69F4EA9F1AAFF9FF00A82B50 /* libSMTH */,
				6984F6EC1AB3D3B300548BD2 /* ViewController */,
				695226941AB2D4140060E5B3 /* ExtendedUIViewController.h */,
				695226951AB2D4140060E5B3 /* ExtendedUIViewController.m */,
				6984F6F61AB4927600548BD2 /* ExtendedTableViewController.h */,
				6984F6F71AB4927600548BD2 /* ExtendedTableViewController.m */,
				69FCBF321AA9CE97007C9EFB /* REFrostedRootViewController.h */,
				69FCBF331AA9CE97007C9EFB /* REFrostedRootViewController.m */,
				6984F6ED1AB3D3F700548BD2 /* LeftMenuViewController.h */,
				6984F6EE1AB3D3F700548BD2 /* LeftMenuViewController.m */,
				6984F6F01AB3DC1D00548BD2 /* NavigationViewController.h */,
				6984F6F11AB3DC1D00548BD2 /* NavigationViewController.m */,
				6984F6E51AB3D28300548BD2 /* Resources */,
				69FCBF2B1AA9CE97007C9EFB /* Supporting Files */,
			);
			path = zSMTH;
			sourceTree = "<group>";
		};
		69FCBF2B1AA9CE97007C9EFB /* Supporting Files */ = {
			isa = PBXGroup;
			children = (
				69FCBF2C1AA9CE97007C9EFB /* Info.plist */,
				6979903F1ACCC5DC002570EE /* zSMTH-prefix.pch */,
				69FCBF2F1AA9CE97007C9EFB /* AppDelegate.h */,
				69FCBF301AA9CE97007C9EFB /* AppDelegate.m */,
				69FCBF2D1AA9CE97007C9EFB /* main.m */,
			);
			name = "Supporting Files";
			sourceTree = "<group>";
		};
		69FCBF441AA9CE98007C9EFB /* zSMTHTests */ = {
			isa = PBXGroup;
			children = (
				69FCBF471AA9CE98007C9EFB /* zSMTHTests.m */,
				69F4EAB41AB1C13C00A82B50 /* SMTHHelperTests.m */,
				69FCBF451AA9CE98007C9EFB /* Supporting Files */,
			);
			path = zSMTHTests;
			sourceTree = "<group>";
		};
		69FCBF451AA9CE98007C9EFB /* Supporting Files */ = {
			isa = PBXGroup;
			children = (
				69FCBF461AA9CE98007C9EFB /* Info.plist */,
			);
			name = "Supporting Files";
			sourceTree = "<group>";
		};
		DAE8DD4DE3A207A49E1ADB7E /* Pods */ = {
			isa = PBXGroup;
			children = (
				13FB643B10FFC65DDD7CF5C4 /* Pods-zSMTH.debug.xcconfig */,
				48F951DFD4F05230EF38D92E /* Pods-zSMTH.release.xcconfig */,
			);
			name = Pods;
			sourceTree = "<group>";
		};
/* End PBXGroup section */

/* Begin PBXNativeTarget section */
		69FCBF271AA9CE97007C9EFB /* zSMTH */ = {
			isa = PBXNativeTarget;
			buildConfigurationList = 69FCBF4B1AA9CE98007C9EFB /* Build configuration list for PBXNativeTarget "zSMTH" */;
			buildPhases = (
				2A0AFFF28200454046F1F9D1 /* Check Pods Manifest.lock */,
				69FCBF241AA9CE97007C9EFB /* Sources */,
				69FCBF251AA9CE97007C9EFB /* Frameworks */,
				69FCBF261AA9CE97007C9EFB /* Resources */,
				2739384575D5A8CDD2E332AC /* Copy Pods Resources */,
			);
			buildRules = (
			);
			dependencies = (
			);
			name = zSMTH;
			productName = zSMTH;
			productReference = 69FCBF281AA9CE97007C9EFB /* zSMTH.app */;
			productType = "com.apple.product-type.application";
		};
		69FCBF401AA9CE98007C9EFB /* zSMTHTests */ = {
			isa = PBXNativeTarget;
			buildConfigurationList = 69FCBF4E1AA9CE98007C9EFB /* Build configuration list for PBXNativeTarget "zSMTHTests" */;
			buildPhases = (
				69FCBF3D1AA9CE98007C9EFB /* Sources */,
				69FCBF3E1AA9CE98007C9EFB /* Frameworks */,
				69FCBF3F1AA9CE98007C9EFB /* Resources */,
			);
			buildRules = (
			);
			dependencies = (
				69FCBF431AA9CE98007C9EFB /* PBXTargetDependency */,
			);
			name = zSMTHTests;
			productName = zSMTHTests;
			productReference = 69FCBF411AA9CE98007C9EFB /* zSMTHTests.xctest */;
			productType = "com.apple.product-type.bundle.unit-test";
		};
/* End PBXNativeTarget section */

/* Begin PBXProject section */
		69FCBF201AA9CE97007C9EFB /* Project object */ = {
			isa = PBXProject;
			attributes = {
				LastUpgradeCheck = 0610;
				ORGANIZATIONNAME = Zhengfa;
				TargetAttributes = {
					69FCBF271AA9CE97007C9EFB = {
						CreatedOnToolsVersion = 6.1.1;
					};
					69FCBF401AA9CE98007C9EFB = {
						CreatedOnToolsVersion = 6.1.1;
						TestTargetID = 69FCBF271AA9CE97007C9EFB;
					};
				};
			};
			buildConfigurationList = 69FCBF231AA9CE97007C9EFB /* Build configuration list for PBXProject "zSMTH" */;
			compatibilityVersion = "Xcode 3.2";
			developmentRegion = English;
			hasScannedForEncodings = 0;
			knownRegions = (
				en,
				Base,
			);
			mainGroup = 69FCBF1F1AA9CE97007C9EFB;
			productRefGroup = 69FCBF291AA9CE97007C9EFB /* Products */;
			projectDirPath = "";
			projectRoot = "";
			targets = (
				69FCBF271AA9CE97007C9EFB /* zSMTH */,
				69FCBF401AA9CE98007C9EFB /* zSMTHTests */,
			);
		};
/* End PBXProject section */

/* Begin PBXResourcesBuildPhase section */
		69FCBF261AA9CE97007C9EFB /* Resources */ = {
			isa = PBXResourcesBuildPhase;
			buildActionMask = 2147483647;
			files = (
				69FCBF371AA9CE97007C9EFB /* Main.storyboard in Resources */,
				693FACDD1ABE4F7900BD8200 /* PostContentTableViewCell.xib in Resources */,
				69FE90BC1AB727B700E72720 /* PostGuidanceTableViewCell.xib in Resources */,
				69FCBF3C1AA9CE98007C9EFB /* LaunchScreen.xib in Resources */,
				69FCBF391AA9CE98007C9EFB /* Images.xcassets in Resources */,
				690B922B1ABADDD800AAED0D /* UserInfoTableViewCell.xib in Resources */,
				6984F6FE1AB5D53800548BD2 /* BoardTableViewCell.xib in Resources */,
				690B92351ABB99ED00AAED0D /* PostListTableViewCell.xib in Resources */,
			);
			runOnlyForDeploymentPostprocessing = 0;
		};
		69FCBF3F1AA9CE98007C9EFB /* Resources */ = {
			isa = PBXResourcesBuildPhase;
			buildActionMask = 2147483647;
			files = (
			);
			runOnlyForDeploymentPostprocessing = 0;
		};
/* End PBXResourcesBuildPhase section */

/* Begin PBXShellScriptBuildPhase section */
		2739384575D5A8CDD2E332AC /* Copy Pods Resources */ = {
			isa = PBXShellScriptBuildPhase;
			buildActionMask = 2147483647;
			files = (
			);
			inputPaths = (
			);
			name = "Copy Pods Resources";
			outputPaths = (
			);
			runOnlyForDeploymentPostprocessing = 0;
			shellPath = /bin/sh;
			shellScript = "\"${SRCROOT}/Pods/Target Support Files/Pods-zSMTH/Pods-zSMTH-resources.sh\"\n";
			showEnvVarsInLog = 0;
		};
		2A0AFFF28200454046F1F9D1 /* Check Pods Manifest.lock */ = {
			isa = PBXShellScriptBuildPhase;
			buildActionMask = 2147483647;
			files = (
			);
			inputPaths = (
			);
			name = "Check Pods Manifest.lock";
			outputPaths = (
			);
			runOnlyForDeploymentPostprocessing = 0;
			shellPath = /bin/sh;
			shellScript = "diff \"${PODS_ROOT}/../Podfile.lock\" \"${PODS_ROOT}/Manifest.lock\" > /dev/null\nif [[ $? != 0 ]] ; then\n    cat << EOM\nerror: The sandbox is not in sync with the Podfile.lock. Run 'pod install' or update your CocoaPods installation.\nEOM\n    exit 1\nfi\n";
			showEnvVarsInLog = 0;
		};
/* End PBXShellScriptBuildPhase section */

/* Begin PBXSourcesBuildPhase section */
		69FCBF241AA9CE97007C9EFB /* Sources */ = {
			isa = PBXSourcesBuildPhase;
			buildActionMask = 2147483647;
			files = (
				69FCBF341AA9CE97007C9EFB /* REFrostedRootViewController.m in Sources */,
				69FE90BF1AB7296200E72720 /* PostGuidanceTableViewCell.m in Sources */,
				692576671ABBDCF600097DBC /* PostListTableViewCell.m in Sources */,
				6984F6EB1AB3D37900548BD2 /* ZSMTHSetting.m in Sources */,
				69FE90B61AB6FCD700E72720 /* GuidanceTableViewController.m in Sources */,
				69F4EAA61AAFFA5100A82B50 /* client_signature.m in Sources */,
				690B922E1ABADEA300AAED0D /* UserInfoTableViewCell.m in Sources */,
				69FCBF311AA9CE97007C9EFB /* AppDelegate.m in Sources */,
				695226961AB2D4140060E5B3 /* ExtendedUIViewController.m in Sources */,
				6925766A1ABBDDC800097DBC /* PostListTableViewController.m in Sources */,
				6984F6F51AB48FA400548BD2 /* FavoriteTableViewController.m in Sources */,
				69FCBF2E1AA9CE97007C9EFB /* main.m in Sources */,
				69C393001AC62BFB000F2652 /* SMTHAttachment.m in Sources */,
				6984F6F81AB4927600548BD2 /* ExtendedTableViewController.m in Sources */,
				690B92321ABB92B100AAED0D /* UIImage+RoundedResize.m in Sources */,
				690D5D1E1AB838E200DB45C8 /* UserInfoViewController.m in Sources */,
				69F4EAB01AB1792000A82B50 /* SMTHHelper.m in Sources */,
				691B0AD61AB8882500010FC3 /* SMTHUser.m in Sources */,
				69FE90AA1AB66EC400E72720 /* BoardTableViewCell.m in Sources */,
				69FE90B91AB71A7700E72720 /* SMTHPost.m in Sources */,
				6984F6F21AB3DC1D00548BD2 /* NavigationViewController.m in Sources */,
				69F5E3C31AC0DFE4000F394D /* ContentLabel.m in Sources */,
				693FACE31ABE50D900BD8200 /* PostContentTableViewController.m in Sources */,
				69F4EAAD1AB1780A00A82B50 /* Reachability.m in Sources */,
				6984F6FB1AB579E900548BD2 /* SMTHBoard.m in Sources */,
				693FACE01ABE4FA700BD8200 /* PostContentTableViewCell.m in Sources */,
				69F4EAA91AB06D1D00A82B50 /* LoginViewController.m in Sources */,
				6984F6EF1AB3D3F700548BD2 /* LeftMenuViewController.m in Sources */,
			);
			runOnlyForDeploymentPostprocessing = 0;
		};
		69FCBF3D1AA9CE98007C9EFB /* Sources */ = {
			isa = PBXSourcesBuildPhase;
			buildActionMask = 2147483647;
			files = (
				69FCBF481AA9CE98007C9EFB /* zSMTHTests.m in Sources */,
				69F4EAB51AB1C13C00A82B50 /* SMTHHelperTests.m in Sources */,
			);
			runOnlyForDeploymentPostprocessing = 0;
		};
/* End PBXSourcesBuildPhase section */

/* Begin PBXTargetDependency section */
		69FCBF431AA9CE98007C9EFB /* PBXTargetDependency */ = {
			isa = PBXTargetDependency;
			target = 69FCBF271AA9CE97007C9EFB /* zSMTH */;
			targetProxy = 69FCBF421AA9CE98007C9EFB /* PBXContainerItemProxy */;
		};
/* End PBXTargetDependency section */

/* Begin PBXVariantGroup section */
		690B92291ABADDD800AAED0D /* UserInfoTableViewCell.xib */ = {
			isa = PBXVariantGroup;
			children = (
				690B922A1ABADDD800AAED0D /* Base */,
			);
			name = UserInfoTableViewCell.xib;
			sourceTree = "<group>";
		};
		690B92331ABB99ED00AAED0D /* PostListTableViewCell.xib */ = {
			isa = PBXVariantGroup;
			children = (
				690B92341ABB99ED00AAED0D /* Base */,
			);
			name = PostListTableViewCell.xib;
			sourceTree = "<group>";
		};
		693FACDB1ABE4F7900BD8200 /* PostContentTableViewCell.xib */ = {
			isa = PBXVariantGroup;
			children = (
				693FACDC1ABE4F7900BD8200 /* Base */,
			);
			name = PostContentTableViewCell.xib;
			sourceTree = "<group>";
		};
		6984F6FC1AB5D53800548BD2 /* BoardTableViewCell.xib */ = {
			isa = PBXVariantGroup;
			children = (
				6984F6FD1AB5D53800548BD2 /* Base */,
			);
			name = BoardTableViewCell.xib;
			path = libSMTH;
			sourceTree = "<group>";
		};
		69FCBF351AA9CE97007C9EFB /* Main.storyboard */ = {
			isa = PBXVariantGroup;
			children = (
				69FCBF361AA9CE97007C9EFB /* Base */,
			);
			name = Main.storyboard;
			sourceTree = "<group>";
		};
		69FCBF3A1AA9CE98007C9EFB /* LaunchScreen.xib */ = {
			isa = PBXVariantGroup;
			children = (
				69FCBF3B1AA9CE98007C9EFB /* Base */,
			);
			name = LaunchScreen.xib;
			sourceTree = "<group>";
		};
		69FE90BA1AB727B700E72720 /* PostGuidanceTableViewCell.xib */ = {
			isa = PBXVariantGroup;
			children = (
				69FE90BB1AB727B700E72720 /* Base */,
			);
			name = PostGuidanceTableViewCell.xib;
			sourceTree = "<group>";
		};
/* End PBXVariantGroup section */

/* Begin XCBuildConfiguration section */
		69FCBF491AA9CE98007C9EFB /* Debug */ = {
			isa = XCBuildConfiguration;
			buildSettings = {
				ALWAYS_SEARCH_USER_PATHS = NO;
				CLANG_CXX_LANGUAGE_STANDARD = "gnu++0x";
				CLANG_CXX_LIBRARY = "libc++";
				CLANG_ENABLE_MODULES = YES;
				CLANG_ENABLE_OBJC_ARC = YES;
				CLANG_WARN_BOOL_CONVERSION = YES;
				CLANG_WARN_CONSTANT_CONVERSION = YES;
				CLANG_WARN_DIRECT_OBJC_ISA_USAGE = YES_ERROR;
				CLANG_WARN_EMPTY_BODY = YES;
				CLANG_WARN_ENUM_CONVERSION = YES;
				CLANG_WARN_INT_CONVERSION = YES;
				CLANG_WARN_OBJC_ROOT_CLASS = YES_ERROR;
				CLANG_WARN_UNREACHABLE_CODE = YES;
				CLANG_WARN__DUPLICATE_METHOD_MATCH = YES;
				CODE_SIGN_IDENTITY = "iPhone Developer: Zhengfa Dang (RVQK234ECB)";
				"CODE_SIGN_IDENTITY[sdk=iphoneos*]" = "iPhone Developer: Zhengfa Dang (RVQK234ECB)";
				COPY_PHASE_STRIP = NO;
				ENABLE_STRICT_OBJC_MSGSEND = YES;
				GCC_C_LANGUAGE_STANDARD = gnu99;
				GCC_DYNAMIC_NO_PIC = NO;
				GCC_OPTIMIZATION_LEVEL = 0;
				GCC_PREPROCESSOR_DEFINITIONS = (
					"DEBUG=1",
					"$(inherited)",
				);
				GCC_SYMBOLS_PRIVATE_EXTERN = NO;
				GCC_WARN_64_TO_32_BIT_CONVERSION = YES;
				GCC_WARN_ABOUT_RETURN_TYPE = YES_ERROR;
				GCC_WARN_UNDECLARED_SELECTOR = YES;
				GCC_WARN_UNINITIALIZED_AUTOS = YES_AGGRESSIVE;
				GCC_WARN_UNUSED_FUNCTION = YES;
				GCC_WARN_UNUSED_VARIABLE = YES;
				IPHONEOS_DEPLOYMENT_TARGET = 7.0;
				MACOSX_DEPLOYMENT_TARGET = 10.4;
				MTL_ENABLE_DEBUG_INFO = YES;
				ONLY_ACTIVE_ARCH = YES;
				SDKROOT = iphoneos;
			};
			name = Debug;
		};
		69FCBF4A1AA9CE98007C9EFB /* Release */ = {
			isa = XCBuildConfiguration;
			buildSettings = {
				ALWAYS_SEARCH_USER_PATHS = NO;
				CLANG_CXX_LANGUAGE_STANDARD = "gnu++0x";
				CLANG_CXX_LIBRARY = "libc++";
				CLANG_ENABLE_MODULES = YES;
				CLANG_ENABLE_OBJC_ARC = YES;
				CLANG_WARN_BOOL_CONVERSION = YES;
				CLANG_WARN_CONSTANT_CONVERSION = YES;
				CLANG_WARN_DIRECT_OBJC_ISA_USAGE = YES_ERROR;
				CLANG_WARN_EMPTY_BODY = YES;
				CLANG_WARN_ENUM_CONVERSION = YES;
				CLANG_WARN_INT_CONVERSION = YES;
				CLANG_WARN_OBJC_ROOT_CLASS = YES_ERROR;
				CLANG_WARN_UNREACHABLE_CODE = YES;
				CLANG_WARN__DUPLICATE_METHOD_MATCH = YES;
				CODE_SIGN_IDENTITY = "iPhone Developer: Zhengfa Dang (RVQK234ECB)";
				"CODE_SIGN_IDENTITY[sdk=iphoneos*]" = "iPhone Developer: Zhengfa Dang (RVQK234ECB)";
				COPY_PHASE_STRIP = YES;
				ENABLE_NS_ASSERTIONS = NO;
				ENABLE_STRICT_OBJC_MSGSEND = YES;
				GCC_C_LANGUAGE_STANDARD = gnu99;
				GCC_WARN_64_TO_32_BIT_CONVERSION = YES;
				GCC_WARN_ABOUT_RETURN_TYPE = YES_ERROR;
				GCC_WARN_UNDECLARED_SELECTOR = YES;
				GCC_WARN_UNINITIALIZED_AUTOS = YES_AGGRESSIVE;
				GCC_WARN_UNUSED_FUNCTION = YES;
				GCC_WARN_UNUSED_VARIABLE = YES;
				IPHONEOS_DEPLOYMENT_TARGET = 7.0;
				MACOSX_DEPLOYMENT_TARGET = 10.4;
				MTL_ENABLE_DEBUG_INFO = NO;
				SDKROOT = iphoneos;
				VALIDATE_PRODUCT = YES;
			};
			name = Release;
		};
		69FCBF4C1AA9CE98007C9EFB /* Debug */ = {
			isa = XCBuildConfiguration;
			baseConfigurationReference = 13FB643B10FFC65DDD7CF5C4 /* Pods-zSMTH.debug.xcconfig */;
			buildSettings = {
				ASSETCATALOG_COMPILER_APPICON_NAME = AppIcon;
				ASSETCATALOG_COMPILER_LAUNCHIMAGE_NAME = LaunchImage;
				CODE_SIGN_IDENTITY = "iPhone Developer";
				INFOPLIST_FILE = zSMTH/Info.plist;
				IPHONEOS_DEPLOYMENT_TARGET = 7.0;
				LD_RUNPATH_SEARCH_PATHS = "$(inherited) @executable_path/Frameworks";
				LIBRARY_SEARCH_PATHS = (
					"$(inherited)",
					"$(PROJECT_DIR)/zSMTH/libSMTH",
				);
				PRODUCT_NAME = "$(TARGET_NAME)";
				SHARED_PRECOMPS_DIR = "zSMTH/zSMTH-prefix.pch";
			};
			name = Debug;
		};
		69FCBF4D1AA9CE98007C9EFB /* Release */ = {
			isa = XCBuildConfiguration;
			baseConfigurationReference = 48F951DFD4F05230EF38D92E /* Pods-zSMTH.release.xcconfig */;
			buildSettings = {
				ASSETCATALOG_COMPILER_APPICON_NAME = AppIcon;
				ASSETCATALOG_COMPILER_LAUNCHIMAGE_NAME = LaunchImage;
				CODE_SIGN_IDENTITY = "iPhone Developer";
				INFOPLIST_FILE = zSMTH/Info.plist;
				IPHONEOS_DEPLOYMENT_TARGET = 7.0;
				LD_RUNPATH_SEARCH_PATHS = "$(inherited) @executable_path/Frameworks";
				LIBRARY_SEARCH_PATHS = (
					"$(inherited)",
					"$(PROJECT_DIR)/zSMTH/libSMTH",
				);
				PRODUCT_NAME = "$(TARGET_NAME)";
				SHARED_PRECOMPS_DIR = "zSMTH/zSMTH-prefix.pch";
			};
			name = Release;
		};
		69FCBF4F1AA9CE98007C9EFB /* Debug */ = {
			isa = XCBuildConfiguration;
			buildSettings = {
				BUNDLE_LOADER = "$(TEST_HOST)";
				FRAMEWORK_SEARCH_PATHS = (
					"$(SDKROOT)/Developer/Library/Frameworks",
					"$(inherited)",
				);
				GCC_PREPROCESSOR_DEFINITIONS = (
					"DEBUG=1",
					"$(inherited)",
				);
				INFOPLIST_FILE = zSMTHTests/Info.plist;
				LD_RUNPATH_SEARCH_PATHS = "$(inherited) @executable_path/Frameworks @loader_path/Frameworks";
				PRODUCT_NAME = "$(TARGET_NAME)";
				TEST_HOST = "$(BUILT_PRODUCTS_DIR)/zSMTH.app/zSMTH";
			};
			name = Debug;
		};
		69FCBF501AA9CE98007C9EFB /* Release */ = {
			isa = XCBuildConfiguration;
			buildSettings = {
				BUNDLE_LOADER = "$(TEST_HOST)";
				FRAMEWORK_SEARCH_PATHS = (
					"$(SDKROOT)/Developer/Library/Frameworks",
					"$(inherited)",
				);
				INFOPLIST_FILE = zSMTHTests/Info.plist;
				LD_RUNPATH_SEARCH_PATHS = "$(inherited) @executable_path/Frameworks @loader_path/Frameworks";
				PRODUCT_NAME = "$(TARGET_NAME)";
				TEST_HOST = "$(BUILT_PRODUCTS_DIR)/zSMTH.app/zSMTH";
			};
			name = Release;
		};
/* End XCBuildConfiguration section */

/* Begin XCConfigurationList section */
		69FCBF231AA9CE97007C9EFB /* Build configuration list for PBXProject "zSMTH" */ = {
			isa = XCConfigurationList;
			buildConfigurations = (
				69FCBF491AA9CE98007C9EFB /* Debug */,
				69FCBF4A1AA9CE98007C9EFB /* Release */,
			);
			defaultConfigurationIsVisible = 0;
			defaultConfigurationName = Release;
		};
		69FCBF4B1AA9CE98007C9EFB /* Build configuration list for PBXNativeTarget "zSMTH" */ = {
			isa = XCConfigurationList;
			buildConfigurations = (
				69FCBF4C1AA9CE98007C9EFB /* Debug */,
				69FCBF4D1AA9CE98007C9EFB /* Release */,
			);
			defaultConfigurationIsVisible = 0;
			defaultConfigurationName = Release;
		};
		69FCBF4E1AA9CE98007C9EFB /* Build configuration list for PBXNativeTarget "zSMTHTests" */ = {
			isa = XCConfigurationList;
			buildConfigurations = (
				69FCBF4F1AA9CE98007C9EFB /* Debug */,
				69FCBF501AA9CE98007C9EFB /* Release */,
			);
			defaultConfigurationIsVisible = 0;
			defaultConfigurationName = Release;
		};
/* End XCConfigurationList section */
	};
	rootObject = 69FCBF201AA9CE97007C9EFB /* Project object */;
}
